// !$*UTF8*$!
{
	archiveVersion = 1;
	classes = {
	};
	objectVersion = 55;
	objects = {

/* Begin PBXBuildFile section */
		0D720343284D66BA00370FEF /* GymAppApp.swift in Sources */ = {isa = PBXBuildFile; fileRef = 0D720342284D66BA00370FEF /* GymAppApp.swift */; };
		0D720345284D66BA00370FEF /* ContentView.swift in Sources */ = {isa = PBXBuildFile; fileRef = 0D720344284D66BA00370FEF /* ContentView.swift */; };
		0D720347284D66BC00370FEF /* Assets.xcassets in Resources */ = {isa = PBXBuildFile; fileRef = 0D720346284D66BC00370FEF /* Assets.xcassets */; };
		0D72034A284D66BC00370FEF /* Preview Assets.xcassets in Resources */ = {isa = PBXBuildFile; fileRef = 0D720349284D66BC00370FEF /* Preview Assets.xcassets */; };
		0D720354284D66BC00370FEF /* GymAppTests.swift in Sources */ = {isa = PBXBuildFile; fileRef = 0D720353284D66BC00370FEF /* GymAppTests.swift */; };
		0D72035E284D66BC00370FEF /* GymAppUITests.swift in Sources */ = {isa = PBXBuildFile; fileRef = 0D72035D284D66BC00370FEF /* GymAppUITests.swift */; };
		0D720360284D66BC00370FEF /* GymAppUITestsLaunchTests.swift in Sources */ = {isa = PBXBuildFile; fileRef = 0D72035F284D66BC00370FEF /* GymAppUITestsLaunchTests.swift */; };
		0D72036D284D6AB900370FEF /* Workouts.swift in Sources */ = {isa = PBXBuildFile; fileRef = 0D72036C284D6AB800370FEF /* Workouts.swift */; };
		0D720370284D6B6E00370FEF /* Theme.swift in Sources */ = {isa = PBXBuildFile; fileRef = 0D72036F284D6B6E00370FEF /* Theme.swift */; };
		0D720372284D6E8700370FEF /* CardView.swift in Sources */ = {isa = PBXBuildFile; fileRef = 0D720371284D6E8700370FEF /* CardView.swift */; };
/* End PBXBuildFile section */

/* Begin PBXContainerItemProxy section */
		0D720350284D66BC00370FEF /* PBXContainerItemProxy */ = {
			isa = PBXContainerItemProxy;
			containerPortal = 0D720337284D66BA00370FEF /* Project object */;
			proxyType = 1;
			remoteGlobalIDString = 0D72033E284D66BA00370FEF;
			remoteInfo = GymApp;
		};
		0D72035A284D66BC00370FEF /* PBXContainerItemProxy */ = {
			isa = PBXContainerItemProxy;
			containerPortal = 0D720337284D66BA00370FEF /* Project object */;
			proxyType = 1;
			remoteGlobalIDString = 0D72033E284D66BA00370FEF;
			remoteInfo = GymApp;
		};
/* End PBXContainerItemProxy section */

/* Begin PBXFileReference section */
		0D72033F284D66BA00370FEF /* GymApp.app */ = {isa = PBXFileReference; explicitFileType = wrapper.application; includeInIndex = 0; path = GymApp.app; sourceTree = BUILT_PRODUCTS_DIR; };
		0D720342284D66BA00370FEF /* GymAppApp.swift */ = {isa = PBXFileReference; lastKnownFileType = sourcecode.swift; path = GymAppApp.swift; sourceTree = "<group>"; };
		0D720344284D66BA00370FEF /* ContentView.swift */ = {isa = PBXFileReference; lastKnownFileType = sourcecode.swift; path = ContentView.swift; sourceTree = "<group>"; };
		0D720346284D66BC00370FEF /* Assets.xcassets */ = {isa = PBXFileReference; lastKnownFileType = folder.assetcatalog; path = Assets.xcassets; sourceTree = "<group>"; };
		0D720349284D66BC00370FEF /* Preview Assets.xcassets */ = {isa = PBXFileReference; lastKnownFileType = folder.assetcatalog; path = "Preview Assets.xcassets"; sourceTree = "<group>"; };
		0D72034F284D66BC00370FEF /* GymAppTests.xctest */ = {isa = PBXFileReference; explicitFileType = wrapper.cfbundle; includeInIndex = 0; path = GymAppTests.xctest; sourceTree = BUILT_PRODUCTS_DIR; };
		0D720353284D66BC00370FEF /* GymAppTests.swift */ = {isa = PBXFileReference; lastKnownFileType = sourcecode.swift; path = GymAppTests.swift; sourceTree = "<group>"; };
		0D720359284D66BC00370FEF /* GymAppUITests.xctest */ = {isa = PBXFileReference; explicitFileType = wrapper.cfbundle; includeInIndex = 0; path = GymAppUITests.xctest; sourceTree = BUILT_PRODUCTS_DIR; };
		0D72035D284D66BC00370FEF /* GymAppUITests.swift */ = {isa = PBXFileReference; lastKnownFileType = sourcecode.swift; path = GymAppUITests.swift; sourceTree = "<group>"; };
		0D72035F284D66BC00370FEF /* GymAppUITestsLaunchTests.swift */ = {isa = PBXFileReference; lastKnownFileType = sourcecode.swift; path = GymAppUITestsLaunchTests.swift; sourceTree = "<group>"; };
		0D72036C284D6AB800370FEF /* Workouts.swift */ = {isa = PBXFileReference; lastKnownFileType = sourcecode.swift; path = Workouts.swift; sourceTree = "<group>"; };
		0D72036F284D6B6E00370FEF /* Theme.swift */ = {isa = PBXFileReference; lastKnownFileType = sourcecode.swift; path = Theme.swift; sourceTree = "<group>"; };
		0D720371284D6E8700370FEF /* CardView.swift */ = {isa = PBXFileReference; lastKnownFileType = sourcecode.swift; path = CardView.swift; sourceTree = "<group>"; };
/* End PBXFileReference section */

/* Begin PBXFrameworksBuildPhase section */
		0D72033C284D66BA00370FEF /* Frameworks */ = {
			isa = PBXFrameworksBuildPhase;
			buildActionMask = 2147483647;
			files = (
			);
			runOnlyForDeploymentPostprocessing = 0;
		};
		0D72034C284D66BC00370FEF /* Frameworks */ = {
			isa = PBXFrameworksBuildPhase;
			buildActionMask = 2147483647;
			files = (
			);
			runOnlyForDeploymentPostprocessing = 0;
		};
		0D720356284D66BC00370FEF /* Frameworks */ = {
			isa = PBXFrameworksBuildPhase;
			buildActionMask = 2147483647;
			files = (
			);
			runOnlyForDeploymentPostprocessing = 0;
		};
/* End PBXFrameworksBuildPhase section */

/* Begin PBXGroup section */
		0D720336284D66BA00370FEF = {
			isa = PBXGroup;
			children = (
				0D720341284D66BA00370FEF /* GymApp */,
				0D720352284D66BC00370FEF /* GymAppTests */,
				0D72035C284D66BC00370FEF /* GymAppUITests */,
				0D720340284D66BA00370FEF /* Products */,
			);
			sourceTree = "<group>";
		};
		0D720340284D66BA00370FEF /* Products */ = {
			isa = PBXGroup;
			children = (
				0D72033F284D66BA00370FEF /* GymApp.app */,
				0D72034F284D66BC00370FEF /* GymAppTests.xctest */,
				0D720359284D66BC00370FEF /* GymAppUITests.xctest */,
			);
			name = Products;
			sourceTree = "<group>";
		};
		0D720341284D66BA00370FEF /* GymApp */ = {
			isa = PBXGroup;
			children = (
				0D72036E284D6B5100370FEF /* Main */,
				0D720342284D66BA00370FEF /* GymAppApp.swift */,
				0D720344284D66BA00370FEF /* ContentView.swift */,
				0D720373284D6E8F00370FEF /* Views */,
				0D720346284D66BC00370FEF /* Assets.xcassets */,
				0D720348284D66BC00370FEF /* Preview Content */,
			);
			path = GymApp;
			sourceTree = "<group>";
		};
		0D720348284D66BC00370FEF /* Preview Content */ = {
			isa = PBXGroup;
			children = (
				0D720349284D66BC00370FEF /* Preview Assets.xcassets */,
			);
			path = "Preview Content";
			sourceTree = "<group>";
		};
		0D720352284D66BC00370FEF /* GymAppTests */ = {
			isa = PBXGroup;
			children = (
				0D720353284D66BC00370FEF /* GymAppTests.swift */,
			);
			path = GymAppTests;
			sourceTree = "<group>";
		};
		0D72035C284D66BC00370FEF /* GymAppUITests */ = {
			isa = PBXGroup;
			children = (
				0D72035D284D66BC00370FEF /* GymAppUITests.swift */,
				0D72035F284D66BC00370FEF /* GymAppUITestsLaunchTests.swift */,
			);
			path = GymAppUITests;
			sourceTree = "<group>";
		};
		0D72036E284D6B5100370FEF /* Main */ = {
			isa = PBXGroup;
			children = (
				0D72036C284D6AB800370FEF /* Workouts.swift */,
				0D72036F284D6B6E00370FEF /* Theme.swift */,
			);
			path = Main;
			sourceTree = "<group>";
		};
		0D720373284D6E8F00370FEF /* Views */ = {
			isa = PBXGroup;
			children = (
				0D720371284D6E8700370FEF /* CardView.swift */,
			);
			path = Views;
			sourceTree = "<group>";
		};
/* End PBXGroup section */

/* Begin PBXNativeTarget section */
		0D72033E284D66BA00370FEF /* GymApp */ = {
			isa = PBXNativeTarget;
			buildConfigurationList = 0D720363284D66BC00370FEF /* Build configuration list for PBXNativeTarget "GymApp" */;
			buildPhases = (
				0D72033B284D66BA00370FEF /* Sources */,
				0D72033C284D66BA00370FEF /* Frameworks */,
				0D72033D284D66BA00370FEF /* Resources */,
			);
			buildRules = (
			);
			dependencies = (
			);
			name = GymApp;
			productName = GymApp;
			productReference = 0D72033F284D66BA00370FEF /* GymApp.app */;
			productType = "com.apple.product-type.application";
		};
		0D72034E284D66BC00370FEF /* GymAppTests */ = {
			isa = PBXNativeTarget;
			buildConfigurationList = 0D720366284D66BC00370FEF /* Build configuration list for PBXNativeTarget "GymAppTests" */;
			buildPhases = (
				0D72034B284D66BC00370FEF /* Sources */,
				0D72034C284D66BC00370FEF /* Frameworks */,
				0D72034D284D66BC00370FEF /* Resources */,
			);
			buildRules = (
			);
			dependencies = (
				0D720351284D66BC00370FEF /* PBXTargetDependency */,
			);
			name = GymAppTests;
			productName = GymAppTests;
			productReference = 0D72034F284D66BC00370FEF /* GymAppTests.xctest */;
			productType = "com.apple.product-type.bundle.unit-test";
		};
		0D720358284D66BC00370FEF /* GymAppUITests */ = {
			isa = PBXNativeTarget;
			buildConfigurationList = 0D720369284D66BC00370FEF /* Build configuration list for PBXNativeTarget "GymAppUITests" */;
			buildPhases = (
				0D720355284D66BC00370FEF /* Sources */,
				0D720356284D66BC00370FEF /* Frameworks */,
				0D720357284D66BC00370FEF /* Resources */,
			);
			buildRules = (
			);
			dependencies = (
				0D72035B284D66BC00370FEF /* PBXTargetDependency */,
			);
			name = GymAppUITests;
			productName = GymAppUITests;
			productReference = 0D720359284D66BC00370FEF /* GymAppUITests.xctest */;
			productType = "com.apple.product-type.bundle.ui-testing";
		};
/* End PBXNativeTarget section */

/* Begin PBXProject section */
		0D720337284D66BA00370FEF /* Project object */ = {
			isa = PBXProject;
			attributes = {
				BuildIndependentTargetsInParallel = 1;
				LastSwiftUpdateCheck = 1340;
				LastUpgradeCheck = 1340;
				TargetAttributes = {
					0D72033E284D66BA00370FEF = {
						CreatedOnToolsVersion = 13.4.1;
					};
					0D72034E284D66BC00370FEF = {
						CreatedOnToolsVersion = 13.4.1;
						TestTargetID = 0D72033E284D66BA00370FEF;
					};
					0D720358284D66BC00370FEF = {
						CreatedOnToolsVersion = 13.4.1;
						TestTargetID = 0D72033E284D66BA00370FEF;
					};
				};
			};
			buildConfigurationList = 0D72033A284D66BA00370FEF /* Build configuration list for PBXProject "GymApp" */;
			compatibilityVersion = "Xcode 13.0";
			developmentRegion = en;
			hasScannedForEncodings = 0;
			knownRegions = (
				en,
				Base,
			);
			mainGroup = 0D720336284D66BA00370FEF;
			productRefGroup = 0D720340284D66BA00370FEF /* Products */;
			projectDirPath = "";
			projectRoot = "";
			targets = (
				0D72033E284D66BA00370FEF /* GymApp */,
				0D72034E284D66BC00370FEF /* GymAppTests */,
				0D720358284D66BC00370FEF /* GymAppUITests */,
			);
		};
/* End PBXProject section */

/* Begin PBXResourcesBuildPhase section */
		0D72033D284D66BA00370FEF /* Resources */ = {
			isa = PBXResourcesBuildPhase;
			buildActionMask = 2147483647;
			files = (
				0D72034A284D66BC00370FEF /* Preview Assets.xcassets in Resources */,
				0D720347284D66BC00370FEF /* Assets.xcassets in Resources */,
			);
			runOnlyForDeploymentPostprocessing = 0;
		};
		0D72034D284D66BC00370FEF /* Resources */ = {
			isa = PBXResourcesBuildPhase;
			buildActionMask = 2147483647;
			files = (
			);
			runOnlyForDeploymentPostprocessing = 0;
		};
		0D720357284D66BC00370FEF /* Resources */ = {
			isa = PBXResourcesBuildPhase;
			buildActionMask = 2147483647;
			files = (
			);
			runOnlyForDeploymentPostprocessing = 0;
		};
/* End PBXResourcesBuildPhase section */

/* Begin PBXSourcesBuildPhase section */
		0D72033B284D66BA00370FEF /* Sources */ = {
			isa = PBXSourcesBuildPhase;
			buildActionMask = 2147483647;
			files = (
				0D720345284D66BA00370FEF /* ContentView.swift in Sources */,
				0D720370284D6B6E00370FEF /* Theme.swift in Sources */,
				0D720343284D66BA00370FEF /* GymAppApp.swift in Sources */,
				0D72036D284D6AB900370FEF /* Workouts.swift in Sources */,
				0D720372284D6E8700370FEF /* CardView.swift in Sources */,
			);
			runOnlyForDeploymentPostprocessing = 0;
		};
		0D72034B284D66BC00370FEF /* Sources */ = {
			isa = PBXSourcesBuildPhase;
			buildActionMask = 2147483647;
			files = (
				0D720354284D66BC00370FEF /* GymAppTests.swift in Sources */,
			);
			runOnlyForDeploymentPostprocessing = 0;
		};
		0D720355284D66BC00370FEF /* Sources */ = {
			isa = PBXSourcesBuildPhase;
			buildActionMask = 2147483647;
			files = (
				0D720360284D66BC00370FEF /* GymAppUITestsLaunchTests.swift in Sources */,
				0D72035E284D66BC00370FEF /* GymAppUITests.swift in Sources */,
			);
			runOnlyForDeploymentPostprocessing = 0;
		};
/* End PBXSourcesBuildPhase section */

/* Begin PBXTargetDependency section */
		0D720351284D66BC00370FEF /* PBXTargetDependency */ = {
			isa = PBXTargetDependency;
			target = 0D72033E284D66BA00370FEF /* GymApp */;
			targetProxy = 0D720350284D66BC00370FEF /* PBXContainerItemProxy */;
		};
		0D72035B284D66BC00370FEF /* PBXTargetDependency */ = {
			isa = PBXTargetDependency;
			target = 0D72033E284D66BA00370FEF /* GymApp */;
			targetProxy = 0D72035A284D66BC00370FEF /* PBXContainerItemProxy */;
		};
/* End PBXTargetDependency section */

/* Begin XCBuildConfiguration section */
		0D720361284D66BC00370FEF /* Debug */ = {
			isa = XCBuildConfiguration;
			buildSettings = {
				ALWAYS_SEARCH_USER_PATHS = NO;
				CLANG_ANALYZER_NONNULL = YES;
				CLANG_ANALYZER_NUMBER_OBJECT_CONVERSION = YES_AGGRESSIVE;
				CLANG_CXX_LANGUAGE_STANDARD = "gnu++17";
				CLANG_ENABLE_MODULES = YES;
				CLANG_ENABLE_OBJC_ARC = YES;
				CLANG_ENABLE_OBJC_WEAK = YES;
				CLANG_WARN_BLOCK_CAPTURE_AUTORELEASING = YES;
				CLANG_WARN_BOOL_CONVERSION = YES;
				CLANG_WARN_COMMA = YES;
				CLANG_WARN_CONSTANT_CONVERSION = YES;
				CLANG_WARN_DEPRECATED_OBJC_IMPLEMENTATIONS = YES;
				CLANG_WARN_DIRECT_OBJC_ISA_USAGE = YES_ERROR;
				CLANG_WARN_DOCUMENTATION_COMMENTS = YES;
				CLANG_WARN_EMPTY_BODY = YES;
				CLANG_WARN_ENUM_CONVERSION = YES;
				CLANG_WARN_INFINITE_RECURSION = YES;
				CLANG_WARN_INT_CONVERSION = YES;
				CLANG_WARN_NON_LITERAL_NULL_CONVERSION = YES;
				CLANG_WARN_OBJC_IMPLICIT_RETAIN_SELF = YES;
				CLANG_WARN_OBJC_LITERAL_CONVERSION = YES;
				CLANG_WARN_OBJC_ROOT_CLASS = YES_ERROR;
				CLANG_WARN_QUOTED_INCLUDE_IN_FRAMEWORK_HEADER = YES;
				CLANG_WARN_RANGE_LOOP_ANALYSIS = YES;
				CLANG_WARN_STRICT_PROTOTYPES = YES;
				CLANG_WARN_SUSPICIOUS_MOVE = YES;
				CLANG_WARN_UNGUARDED_AVAILABILITY = YES_AGGRESSIVE;
				CLANG_WARN_UNREACHABLE_CODE = YES;
				CLANG_WARN__DUPLICATE_METHOD_MATCH = YES;
				COPY_PHASE_STRIP = NO;
				DEBUG_INFORMATION_FORMAT = dwarf;
				ENABLE_STRICT_OBJC_MSGSEND = YES;
				ENABLE_TESTABILITY = YES;
				GCC_C_LANGUAGE_STANDARD = gnu11;
				GCC_DYNAMIC_NO_PIC = NO;
				GCC_NO_COMMON_BLOCKS = YES;
				GCC_OPTIMIZATION_LEVEL = 0;
				GCC_PREPROCESSOR_DEFINITIONS = (
					"DEBUG=1",
					"$(inherited)",
				);
				GCC_WARN_64_TO_32_BIT_CONVERSION = YES;
				GCC_WARN_ABOUT_RETURN_TYPE = YES_ERROR;
				GCC_WARN_UNDECLARED_SELECTOR = YES;
				GCC_WARN_UNINITIALIZED_AUTOS = YES_AGGRESSIVE;
				GCC_WARN_UNUSED_FUNCTION = YES;
				GCC_WARN_UNUSED_VARIABLE = YES;
				IPHONEOS_DEPLOYMENT_TARGET = 15.5;
				MTL_ENABLE_DEBUG_INFO = INCLUDE_SOURCE;
				MTL_FAST_MATH = YES;
				ONLY_ACTIVE_ARCH = YES;
				SDKROOT = iphoneos;
				SWIFT_ACTIVE_COMPILATION_CONDITIONS = DEBUG;
				SWIFT_OPTIMIZATION_LEVEL = "-Onone";
			};
			name = Debug;
		};
		0D720362284D66BC00370FEF /* Release */ = {
			isa = XCBuildConfiguration;
			buildSettings = {
				ALWAYS_SEARCH_USER_PATHS = NO;
				CLANG_ANALYZER_NONNULL = YES;
				CLANG_ANALYZER_NUMBER_OBJECT_CONVERSION = YES_AGGRESSIVE;
				CLANG_CXX_LANGUAGE_STANDARD = "gnu++17";
				CLANG_ENABLE_MODULES = YES;
				CLANG_ENABLE_OBJC_ARC = YES;
				CLANG_ENABLE_OBJC_WEAK = YES;
				CLANG_WARN_BLOCK_CAPTURE_AUTORELEASING = YES;
				CLANG_WARN_BOOL_CONVERSION = YES;
				CLANG_WARN_COMMA = YES;
				CLANG_WARN_CONSTANT_CONVERSION = YES;
				CLANG_WARN_DEPRECATED_OBJC_IMPLEMENTATIONS = YES;
				CLANG_WARN_DIRECT_OBJC_ISA_USAGE = YES_ERROR;
				CLANG_WARN_DOCUMENTATION_COMMENTS = YES;
				CLANG_WARN_EMPTY_BODY = YES;
				CLANG_WARN_ENUM_CONVERSION = YES;
				CLANG_WARN_INFINITE_RECURSION = YES;
				CLANG_WARN_INT_CONVERSION = YES;
				CLANG_WARN_NON_LITERAL_NULL_CONVERSION = YES;
				CLANG_WARN_OBJC_IMPLICIT_RETAIN_SELF = YES;
				CLANG_WARN_OBJC_LITERAL_CONVERSION = YES;
				CLANG_WARN_OBJC_ROOT_CLASS = YES_ERROR;
				CLANG_WARN_QUOTED_INCLUDE_IN_FRAMEWORK_HEADER = YES;
				CLANG_WARN_RANGE_LOOP_ANALYSIS = YES;
				CLANG_WARN_STRICT_PROTOTYPES = YES;
				CLANG_WARN_SUSPICIOUS_MOVE = YES;
				CLANG_WARN_UNGUARDED_AVAILABILITY = YES_AGGRESSIVE;
				CLANG_WARN_UNREACHABLE_CODE = YES;
				CLANG_WARN__DUPLICATE_METHOD_MATCH = YES;
				COPY_PHASE_STRIP = NO;
				DEBUG_INFORMATION_FORMAT = "dwarf-with-dsym";
				ENABLE_NS_ASSERTIONS = NO;
				ENABLE_STRICT_OBJC_MSGSEND = YES;
				GCC_C_LANGUAGE_STANDARD = gnu11;
				GCC_NO_COMMON_BLOCKS = YES;
				GCC_WARN_64_TO_32_BIT_CONVERSION = YES;
				GCC_WARN_ABOUT_RETURN_TYPE = YES_ERROR;
				GCC_WARN_UNDECLARED_SELECTOR = YES;
				GCC_WARN_UNINITIALIZED_AUTOS = YES_AGGRESSIVE;
				GCC_WARN_UNUSED_FUNCTION = YES;
				GCC_WARN_UNUSED_VARIABLE = YES;
				IPHONEOS_DEPLOYMENT_TARGET = 15.5;
				MTL_ENABLE_DEBUG_INFO = NO;
				MTL_FAST_MATH = YES;
				SDKROOT = iphoneos;
				SWIFT_COMPILATION_MODE = wholemodule;
				SWIFT_OPTIMIZATION_LEVEL = "-O";
				VALIDATE_PRODUCT = YES;
			};
			name = Release;
		};
		0D720364284D66BC00370FEF /* Debug */ = {
			isa = XCBuildConfiguration;
			buildSettings = {
				ASSETCATALOG_COMPILER_APPICON_NAME = AppIcon;
				ASSETCATALOG_COMPILER_GLOBAL_ACCENT_COLOR_NAME = AccentColor;
				CODE_SIGN_STYLE = Automatic;
				CURRENT_PROJECT_VERSION = 1;
				DEVELOPMENT_ASSET_PATHS = "\"GymApp/Preview Content\"";
				DEVELOPMENT_TEAM = 54WBT8TSTM;
				ENABLE_PREVIEWS = YES;
				GENERATE_INFOPLIST_FILE = YES;
				INFOPLIST_KEY_UIApplicationSceneManifest_Generation = YES;
				INFOPLIST_KEY_UIApplicationSupportsIndirectInputEvents = YES;
				INFOPLIST_KEY_UILaunchScreen_Generation = YES;
				INFOPLIST_KEY_UISupportedInterfaceOrientations_iPad = "UIInterfaceOrientationPortrait UIInterfaceOrientationPortraitUpsideDown UIInterfaceOrientationLandscapeLeft UIInterfaceOrientationLandscapeRight";
				INFOPLIST_KEY_UISupportedInterfaceOrientations_iPhone = "UIInterfaceOrientationPortrait UIInterfaceOrientationLandscapeLeft UIInterfaceOrientationLandscapeRight";
				LD_RUNPATH_SEARCH_PATHS = (
					"$(inherited)",
					"@executable_path/Frameworks",
				);
				MARKETING_VERSION = 1.0;
				PRODUCT_BUNDLE_IDENTIFIER = com.andrearamonroy.GymApp;
				PRODUCT_NAME = "$(TARGET_NAME)";
				SWIFT_EMIT_LOC_STRINGS = YES;
				SWIFT_VERSION = 5.0;
				TARGETED_DEVICE_FAMILY = "1,2";
			};
			name = Debug;
		};
		0D720365284D66BC00370FEF /* Release */ = {
			isa = XCBuildConfiguration;
			buildSettings = {
				ASSETCATALOG_COMPILER_APPICON_NAME = AppIcon;
				ASSETCATALOG_COMPILER_GLOBAL_ACCENT_COLOR_NAME = AccentColor;
				CODE_SIGN_STYLE = Automatic;
				CURRENT_PROJECT_VERSION = 1;
				DEVELOPMENT_ASSET_PATHS = "\"GymApp/Preview Content\"";
				DEVELOPMENT_TEAM = 54WBT8TSTM;
				ENABLE_PREVIEWS = YES;
				GENERATE_INFOPLIST_FILE = YES;
				INFOPLIST_KEY_UIApplicationSceneManifest_Generation = YES;
				INFOPLIST_KEY_UIApplicationSupportsIndirectInputEvents = YES;
				INFOPLIST_KEY_UILaunchScreen_Generation = YES;
				INFOPLIST_KEY_UISupportedInterfaceOrientations_iPad = "UIInterfaceOrientationPortrait UIInterfaceOrientationPortraitUpsideDown UIInterfaceOrientationLandscapeLeft UIInterfaceOrientationLandscapeRight";
				INFOPLIST_KEY_UISupportedInterfaceOrientations_iPhone = "UIInterfaceOrientationPortrait UIInterfaceOrientationLandscapeLeft UIInterfaceOrientationLandscapeRight";
				LD_RUNPATH_SEARCH_PATHS = (
					"$(inherited)",
					"@executable_path/Frameworks",
				);
				MARKETING_VERSION = 1.0;
				PRODUCT_BUNDLE_IDENTIFIER = com.andrearamonroy.GymApp;
				PRODUCT_NAME = "$(TARGET_NAME)";
				SWIFT_EMIT_LOC_STRINGS = YES;
				SWIFT_VERSION = 5.0;
				TARGETED_DEVICE_FAMILY = "1,2";
			};
			name = Release;
		};
		0D720367284D66BC00370FEF /* Debug */ = {
			isa = XCBuildConfiguration;
			buildSettings = {
				ALWAYS_EMBED_SWIFT_STANDARD_LIBRARIES = YES;
				BUNDLE_LOADER = "$(TEST_HOST)";
				CODE_SIGN_STYLE = Automatic;
				CURRENT_PROJECT_VERSION = 1;
				DEVELOPMENT_TEAM = 54WBT8TSTM;
				GENERATE_INFOPLIST_FILE = YES;
				IPHONEOS_DEPLOYMENT_TARGET = 15.5;
				MARKETING_VERSION = 1.0;
				PRODUCT_BUNDLE_IDENTIFIER = com.andrearamonroy.GymAppTests;
				PRODUCT_NAME = "$(TARGET_NAME)";
				SWIFT_EMIT_LOC_STRINGS = NO;
				SWIFT_VERSION = 5.0;
				TARGETED_DEVICE_FAMILY = "1,2";
				TEST_HOST = "$(BUILT_PRODUCTS_DIR)/GymApp.app/GymApp";
			};
			name = Debug;
		};
		0D720368284D66BC00370FEF /* Release */ = {
			isa = XCBuildConfiguration;
			buildSettings = {
				ALWAYS_EMBED_SWIFT_STANDARD_LIBRARIES = YES;
				BUNDLE_LOADER = "$(TEST_HOST)";
				CODE_SIGN_STYLE = Automatic;
				CURRENT_PROJECT_VERSION = 1;
				DEVELOPMENT_TEAM = 54WBT8TSTM;
				GENERATE_INFOPLIST_FILE = YES;
				IPHONEOS_DEPLOYMENT_TARGET = 15.5;
				MARKETING_VERSION = 1.0;
				PRODUCT_BUNDLE_IDENTIFIER = com.andrearamonroy.GymAppTests;
				PRODUCT_NAME = "$(TARGET_NAME)";
				SWIFT_EMIT_LOC_STRINGS = NO;
				SWIFT_VERSION = 5.0;
				TARGETED_DEVICE_FAMILY = "1,2";
				TEST_HOST = "$(BUILT_PRODUCTS_DIR)/GymApp.app/GymApp";
			};
			name = Release;
		};
		0D72036A284D66BC00370FEF /* Debug */ = {
			isa = XCBuildConfiguration;
			buildSettings = {
				ALWAYS_EMBED_SWIFT_STANDARD_LIBRARIES = YES;
				CODE_SIGN_STYLE = Automatic;
				CURRENT_PROJECT_VERSION = 1;
				DEVELOPMENT_TEAM = 54WBT8TSTM;
				GENERATE_INFOPLIST_FILE = YES;
				MARKETING_VERSION = 1.0;
				PRODUCT_BUNDLE_IDENTIFIER = com.andrearamonroy.GymAppUITests;
				PRODUCT_NAME = "$(TARGET_NAME)";
				SWIFT_EMIT_LOC_STRINGS = NO;
				SWIFT_VERSION = 5.0;
				TARGETED_DEVICE_FAMILY = "1,2";
				TEST_TARGET_NAME = GymApp;
			};
			name = Debug;
		};
		0D72036B284D66BC00370FEF /* Release */ = {
			isa = XCBuildConfiguration;
			buildSettings = {
				ALWAYS_EMBED_SWIFT_STANDARD_LIBRARIES = YES;
				CODE_SIGN_STYLE = Automatic;
				CURRENT_PROJECT_VERSION = 1;
				DEVELOPMENT_TEAM = 54WBT8TSTM;
				GENERATE_INFOPLIST_FILE = YES;
				MARKETING_VERSION = 1.0;
				PRODUCT_BUNDLE_IDENTIFIER = com.andrearamonroy.GymAppUITests;
				PRODUCT_NAME = "$(TARGET_NAME)";
				SWIFT_EMIT_LOC_STRINGS = NO;
				SWIFT_VERSION = 5.0;
				TARGETED_DEVICE_FAMILY = "1,2";
				TEST_TARGET_NAME = GymApp;
			};
			name = Release;
		};
/* End XCBuildConfiguration section */

/* Begin XCConfigurationList section */
		0D72033A284D66BA00370FEF /* Build configuration list for PBXProject "GymApp" */ = {
			isa = XCConfigurationList;
			buildConfigurations = (
				0D720361284D66BC00370FEF /* Debug */,
				0D720362284D66BC00370FEF /* Release */,
			);
			defaultConfigurationIsVisible = 0;
			defaultConfigurationName = Release;
		};
		0D720363284D66BC00370FEF /* Build configuration list for PBXNativeTarget "GymApp" */ = {
			isa = XCConfigurationList;
			buildConfigurations = (
				0D720364284D66BC00370FEF /* Debug */,
				0D720365284D66BC00370FEF /* Release */,
			);
			defaultConfigurationIsVisible = 0;
			defaultConfigurationName = Release;
		};
		0D720366284D66BC00370FEF /* Build configuration list for PBXNativeTarget "GymAppTests" */ = {
			isa = XCConfigurationList;
			buildConfigurations = (
				0D720367284D66BC00370FEF /* Debug */,
				0D720368284D66BC00370FEF /* Release */,
			);
			defaultConfigurationIsVisible = 0;
			defaultConfigurationName = Release;
		};
		0D720369284D66BC00370FEF /* Build configuration list for PBXNativeTarget "GymAppUITests" */ = {
			isa = XCConfigurationList;
			buildConfigurations = (
				0D72036A284D66BC00370FEF /* Debug */,
				0D72036B284D66BC00370FEF /* Release */,
			);
			defaultConfigurationIsVisible = 0;
			defaultConfigurationName = Release;
		};
/* End XCConfigurationList section */
	};
	rootObject = 0D720337284D66BA00370FEF /* Project object */;
}
